
Microsoft Visual Studio Solution File, Format Version 12.00
# Visual Studio 15
VisualStudioVersion = 15.0.27004.2008
MinimumVisualStudioVersion = 10.0.40219.1
Project("{FAE04EC0-301F-11D3-BF4B-00C04F79EFBC}") = "StatisticsExtensionMethods", "StatisticsExtensionMethods\StatisticsExtensionMethods.csproj", "{9471C8FA-2229-433A-B155-28B9BE9B69CE}"
EndProject
Project("{FAE04EC0-301F-11D3-BF4B-00C04F79EFBC}") = "SEMTests", "SEMTests\SEMTests.csproj", "{36353686-59B4-4E49-8284-3829F0557667}"
EndProject
Global
	GlobalSection(SolutionConfigurationPlatforms) = preSolution
		Debug|Any CPU = Debug|Any CPU
		Release|Any CPU = Release|Any CPU
	EndGlobalSection
	GlobalSection(ProjectConfigurationPlatforms) = postSolution
		{9471C8FA-2229-433A-B155-28B9BE9B69CE}.Debug|Any CPU.ActiveCfg = Debug|Any CPU
		{9471C8FA-2229-433A-B155-28B9BE9B69CE}.Debug|Any CPU.Build.0 = Debug|Any CPU
		{9471C8FA-2229-433A-B155-28B9BE9B69CE}.Release|Any CPU.ActiveCfg = Release|Any CPU
		{9471C8FA-2229-433A-B155-28B9BE9B69CE}.Release|Any CPU.Build.0 = Release|Any CPU
		{36353686-59B4-4E49-8284-3829F0557667}.Debug|Any CPU.ActiveCfg = Debug|Any CPU
		{36353686-59B4-4E49-8284-3829F0557667}.Debug|Any CPU.Build.0 = Debug|Any CPU
		{36353686-59B4-4E49-8284-3829F0557667}.Release|Any CPU.ActiveCfg = Release|Any CPU
		{36353686-59B4-4E49-8284-3829F0557667}.Release|Any CPU.Build.0 = Release|Any CPU
	EndGlobalSection
	GlobalSection(SolutionProperties) = preSolution
		HideSolutionNode = FALSE
	EndGlobalSection
	GlobalSection(ExtensibilityGlobals) = postSolution
		SolutionGuid = {5CA225AE-851E-4785-AB00-FB53207B8EDA}
	EndGlobalSection
EndGlobal
